// !$*UTF8*$!
{
	archiveVersion = 1;
	classes = {
	};
	objectVersion = 51;
	objects = {

/* Begin PBXBuildFile section */
		06E6BD139F6CAE7DB7FEE8D8 /* Pods_Bunq_Demo_App.framework in Frameworks */ = {isa = PBXBuildFile; fileRef = 7C1E7226C8C225A277CFB08C /* Pods_Bunq_Demo_App.framework */; };
		5659BC4EB6F4504730C2F34A /* Pods_Bunq_Demo_AppTests.framework in Frameworks */ = {isa = PBXBuildFile; fileRef = 3E081942AEE67E7C49FF3EFD /* Pods_Bunq_Demo_AppTests.framework */; };
		B1C9740CDDE8725906D68C6B /* Pods_Bunq_Demo_App_Bunq_Demo_AppUITests.framework in Frameworks */ = {isa = PBXBuildFile; fileRef = C8DD469D5F668786A1C33B6A /* Pods_Bunq_Demo_App_Bunq_Demo_AppUITests.framework */; };
		C33FDF552413BC9900C65C3F /* ProfileView.xib in Resources */ = {isa = PBXBuildFile; fileRef = C33FDF542413BC9900C65C3F /* ProfileView.xib */; };
		C33FDF572413BCD400C65C3F /* ProfileView.swift in Sources */ = {isa = PBXBuildFile; fileRef = C33FDF562413BCD400C65C3F /* ProfileView.swift */; };
		C33FDF5A2413C6FD00C65C3F /* MainViewModel.swift in Sources */ = {isa = PBXBuildFile; fileRef = C33FDF592413C6FD00C65C3F /* MainViewModel.swift */; };
		C33FDF5C2413D09500C65C3F /* MonetaryAccountBankModel.swift in Sources */ = {isa = PBXBuildFile; fileRef = C33FDF5B2413D09500C65C3F /* MonetaryAccountBankModel.swift */; };
		C33FDF5E2413E89500C65C3F /* Response.swift in Sources */ = {isa = PBXBuildFile; fileRef = C33FDF5D2413E89500C65C3F /* Response.swift */; };
		C33FDF602413EAE200C65C3F /* ListMoneyAccounts.swift in Sources */ = {isa = PBXBuildFile; fileRef = C33FDF5F2413EAE200C65C3F /* ListMoneyAccounts.swift */; };
		C357F52B241CC89A00CE740C /* BunqView.swift in Sources */ = {isa = PBXBuildFile; fileRef = C357F52A241CC89A00CE740C /* BunqView.swift */; };
		C376728B239402C000EB7A0B /* AppDelegate.swift in Sources */ = {isa = PBXBuildFile; fileRef = C376728A239402C000EB7A0B /* AppDelegate.swift */; };
		C376728F239402C000EB7A0B /* SplashViewController.swift in Sources */ = {isa = PBXBuildFile; fileRef = C376728E239402C000EB7A0B /* SplashViewController.swift */; };
		C3767294239402C300EB7A0B /* Assets.xcassets in Resources */ = {isa = PBXBuildFile; fileRef = C3767293239402C300EB7A0B /* Assets.xcassets */; };
		C3767297239402C300EB7A0B /* LaunchScreen.storyboard in Resources */ = {isa = PBXBuildFile; fileRef = C3767295239402C300EB7A0B /* LaunchScreen.storyboard */; };
		C37672A2239402C300EB7A0B /* Bunq_Demo_AppTests.swift in Sources */ = {isa = PBXBuildFile; fileRef = C37672A1239402C300EB7A0B /* Bunq_Demo_AppTests.swift */; };
		C37672AD239402C400EB7A0B /* Bunq_Demo_AppUITests.swift in Sources */ = {isa = PBXBuildFile; fileRef = C37672AC239402C300EB7A0B /* Bunq_Demo_AppUITests.swift */; };
		C37672C12394042700EB7A0B /* ServiceConstants.swift in Sources */ = {isa = PBXBuildFile; fileRef = C37672BA2394042600EB7A0B /* ServiceConstants.swift */; };
		C37672C22394042700EB7A0B /* ServiceCaller.swift in Sources */ = {isa = PBXBuildFile; fileRef = C37672BB2394042600EB7A0B /* ServiceCaller.swift */; };
		C37672C32394042700EB7A0B /* ResponseModel.swift in Sources */ = {isa = PBXBuildFile; fileRef = C37672BC2394042600EB7A0B /* ResponseModel.swift */; };
		C37672C42394042700EB7A0B /* ServiceErrorHandler.swift in Sources */ = {isa = PBXBuildFile; fileRef = C37672BD2394042600EB7A0B /* ServiceErrorHandler.swift */; };
		C37672C52394042700EB7A0B /* ServiceRouter.swift in Sources */ = {isa = PBXBuildFile; fileRef = C37672BE2394042600EB7A0B /* ServiceRouter.swift */; };
		C37672C62394042700EB7A0B /* ServiceConfiguration.swift in Sources */ = {isa = PBXBuildFile; fileRef = C37672BF2394042600EB7A0B /* ServiceConfiguration.swift */; };
		C37672C72394042700EB7A0B /* ServiceManager.swift in Sources */ = {isa = PBXBuildFile; fileRef = C37672C02394042700EB7A0B /* ServiceManager.swift */; };
		C37672CB2394065B00EB7A0B /* SandBoxUserModel.swift in Sources */ = {isa = PBXBuildFile; fileRef = C37672CA2394065B00EB7A0B /* SandBoxUserModel.swift */; };
		C37672CD23942EFA00EB7A0B /* SandboxService.swift in Sources */ = {isa = PBXBuildFile; fileRef = C37672CC23942EF900EB7A0B /* SandboxService.swift */; };
		C37A014F23DD981F007361AA /* SplashViewModel.swift in Sources */ = {isa = PBXBuildFile; fileRef = C37A014E23DD981F007361AA /* SplashViewModel.swift */; };
		C37A015123DDA17B007361AA /* UserModel.swift in Sources */ = {isa = PBXBuildFile; fileRef = C37A015023DDA17B007361AA /* UserModel.swift */; };
		C38F805E23D48529003DCE59 /* JSON+Extension.swift in Sources */ = {isa = PBXBuildFile; fileRef = C38F805D23D48529003DCE59 /* JSON+Extension.swift */; };
		C3A3B71D23DC887C00E36798 /* signature.js in Resources */ = {isa = PBXBuildFile; fileRef = C3A3B71C23DC887C00E36798 /* signature.js */; };
		C3A3B71F23DCC91600E36798 /* KeyPairs.swift in Sources */ = {isa = PBXBuildFile; fileRef = C3A3B71E23DCC91600E36798 /* KeyPairs.swift */; };
		C3B67C46241CEECA00F5C21E /* SwCrypt.swift in Sources */ = {isa = PBXBuildFile; fileRef = C3B67C45241CEECA00F5C21E /* SwCrypt.swift */; };
		C3B8F6DA240C07850092FCB1 /* Colors.swift in Sources */ = {isa = PBXBuildFile; fileRef = C3B8F6D9240C07850092FCB1 /* Colors.swift */; };
		C3B8F6DC240C14A30092FCB1 /* MainViewController.swift in Sources */ = {isa = PBXBuildFile; fileRef = C3B8F6DB240C14A30092FCB1 /* MainViewController.swift */; };
		C3B8F6E0240C37520092FCB1 /* LinearProgressView.swift in Sources */ = {isa = PBXBuildFile; fileRef = C3B8F6DF240C37520092FCB1 /* LinearProgressView.swift */; };
		C3CA01DC23C0DD5D009F4AD9 /* rsakeygenerator.js in Resources */ = {isa = PBXBuildFile; fileRef = C3CA01DB23C0DD5D009F4AD9 /* rsakeygenerator.js */; };
		C3D85E5723C218C500E003D9 /* InstallationModel.swift in Sources */ = {isa = PBXBuildFile; fileRef = C3D85E5623C218C500E003D9 /* InstallationModel.swift */; };
		C3FFEB3C23D302A300BF8B72 /* BunqErrorModel.swift in Sources */ = {isa = PBXBuildFile; fileRef = C3FFEB3B23D302A300BF8B72 /* BunqErrorModel.swift */; };
		C3FFEB3E23D3060C00BF8B72 /* DeviceServerModel.swift in Sources */ = {isa = PBXBuildFile; fileRef = C3FFEB3D23D3060C00BF8B72 /* DeviceServerModel.swift */; };
		C3FFEB4023D3062A00BF8B72 /* JSCommunicationHandler.swift in Sources */ = {isa = PBXBuildFile; fileRef = C3FFEB3F23D3062A00BF8B72 /* JSCommunicationHandler.swift */; };
/* End PBXBuildFile section */

/* Begin PBXContainerItemProxy section */
		C376729E239402C300EB7A0B /* PBXContainerItemProxy */ = {
			isa = PBXContainerItemProxy;
			containerPortal = C376727F239402C000EB7A0B /* Project object */;
			proxyType = 1;
			remoteGlobalIDString = C3767286239402C000EB7A0B;
			remoteInfo = "Bunq Demo App";
		};
		C37672A9239402C300EB7A0B /* PBXContainerItemProxy */ = {
			isa = PBXContainerItemProxy;
			containerPortal = C376727F239402C000EB7A0B /* Project object */;
			proxyType = 1;
			remoteGlobalIDString = C3767286239402C000EB7A0B;
			remoteInfo = "Bunq Demo App";
		};
/* End PBXContainerItemProxy section */

/* Begin PBXFileReference section */
		086D2FE683265BD79463BC39 /* Pods-Bunq Demo App.debug.xcconfig */ = {isa = PBXFileReference; includeInIndex = 1; lastKnownFileType = text.xcconfig; name = "Pods-Bunq Demo App.debug.xcconfig"; path = "Target Support Files/Pods-Bunq Demo App/Pods-Bunq Demo App.debug.xcconfig"; sourceTree = "<group>"; };
		186BB0EB1588FAC5AE6632E9 /* Pods-Bunq Demo App-Bunq Demo AppUITests.release.xcconfig */ = {isa = PBXFileReference; includeInIndex = 1; lastKnownFileType = text.xcconfig; name = "Pods-Bunq Demo App-Bunq Demo AppUITests.release.xcconfig"; path = "Target Support Files/Pods-Bunq Demo App-Bunq Demo AppUITests/Pods-Bunq Demo App-Bunq Demo AppUITests.release.xcconfig"; sourceTree = "<group>"; };
		3E081942AEE67E7C49FF3EFD /* Pods_Bunq_Demo_AppTests.framework */ = {isa = PBXFileReference; explicitFileType = wrapper.framework; includeInIndex = 0; path = Pods_Bunq_Demo_AppTests.framework; sourceTree = BUILT_PRODUCTS_DIR; };
		428F8C393ABE0D4607862DC0 /* Pods-Bunq Demo AppTests.debug.xcconfig */ = {isa = PBXFileReference; includeInIndex = 1; lastKnownFileType = text.xcconfig; name = "Pods-Bunq Demo AppTests.debug.xcconfig"; path = "Target Support Files/Pods-Bunq Demo AppTests/Pods-Bunq Demo AppTests.debug.xcconfig"; sourceTree = "<group>"; };
		6F53E02A10A3059BDCD2A923 /* Pods-Bunq Demo App.release.xcconfig */ = {isa = PBXFileReference; includeInIndex = 1; lastKnownFileType = text.xcconfig; name = "Pods-Bunq Demo App.release.xcconfig"; path = "Target Support Files/Pods-Bunq Demo App/Pods-Bunq Demo App.release.xcconfig"; sourceTree = "<group>"; };
		7C1E7226C8C225A277CFB08C /* Pods_Bunq_Demo_App.framework */ = {isa = PBXFileReference; explicitFileType = wrapper.framework; includeInIndex = 0; path = Pods_Bunq_Demo_App.framework; sourceTree = BUILT_PRODUCTS_DIR; };
		87BE8529FEB6A9E4D1D8CABA /* Pods-Bunq Demo AppTests.release.xcconfig */ = {isa = PBXFileReference; includeInIndex = 1; lastKnownFileType = text.xcconfig; name = "Pods-Bunq Demo AppTests.release.xcconfig"; path = "Target Support Files/Pods-Bunq Demo AppTests/Pods-Bunq Demo AppTests.release.xcconfig"; sourceTree = "<group>"; };
		C33FDF542413BC9900C65C3F /* ProfileView.xib */ = {isa = PBXFileReference; lastKnownFileType = file.xib; path = ProfileView.xib; sourceTree = "<group>"; };
		C33FDF562413BCD400C65C3F /* ProfileView.swift */ = {isa = PBXFileReference; lastKnownFileType = sourcecode.swift; path = ProfileView.swift; sourceTree = "<group>"; };
		C33FDF592413C6FD00C65C3F /* MainViewModel.swift */ = {isa = PBXFileReference; lastKnownFileType = sourcecode.swift; path = MainViewModel.swift; sourceTree = "<group>"; };
		C33FDF5B2413D09500C65C3F /* MonetaryAccountBankModel.swift */ = {isa = PBXFileReference; lastKnownFileType = sourcecode.swift; path = MonetaryAccountBankModel.swift; sourceTree = "<group>"; };
		C33FDF5D2413E89500C65C3F /* Response.swift */ = {isa = PBXFileReference; lastKnownFileType = sourcecode.swift; path = Response.swift; sourceTree = "<group>"; };
		C33FDF5F2413EAE200C65C3F /* ListMoneyAccounts.swift */ = {isa = PBXFileReference; lastKnownFileType = sourcecode.swift; path = ListMoneyAccounts.swift; sourceTree = "<group>"; };
		C357F52A241CC89A00CE740C /* BunqView.swift */ = {isa = PBXFileReference; lastKnownFileType = sourcecode.swift; path = BunqView.swift; sourceTree = "<group>"; };
		C3767287239402C000EB7A0B /* Bunq Demo App.app */ = {isa = PBXFileReference; explicitFileType = wrapper.application; includeInIndex = 0; path = "Bunq Demo App.app"; sourceTree = BUILT_PRODUCTS_DIR; };
		C376728A239402C000EB7A0B /* AppDelegate.swift */ = {isa = PBXFileReference; lastKnownFileType = sourcecode.swift; path = AppDelegate.swift; sourceTree = "<group>"; };
		C376728E239402C000EB7A0B /* SplashViewController.swift */ = {isa = PBXFileReference; lastKnownFileType = sourcecode.swift; path = SplashViewController.swift; sourceTree = "<group>"; };
		C3767293239402C300EB7A0B /* Assets.xcassets */ = {isa = PBXFileReference; lastKnownFileType = folder.assetcatalog; path = Assets.xcassets; sourceTree = "<group>"; };
		C3767296239402C300EB7A0B /* Base */ = {isa = PBXFileReference; lastKnownFileType = file.storyboard; name = Base; path = Base.lproj/LaunchScreen.storyboard; sourceTree = "<group>"; };
		C3767298239402C300EB7A0B /* Info.plist */ = {isa = PBXFileReference; lastKnownFileType = text.plist.xml; path = Info.plist; sourceTree = "<group>"; };
		C376729D239402C300EB7A0B /* Bunq Demo AppTests.xctest */ = {isa = PBXFileReference; explicitFileType = wrapper.cfbundle; includeInIndex = 0; path = "Bunq Demo AppTests.xctest"; sourceTree = BUILT_PRODUCTS_DIR; };
		C37672A1239402C300EB7A0B /* Bunq_Demo_AppTests.swift */ = {isa = PBXFileReference; lastKnownFileType = sourcecode.swift; path = Bunq_Demo_AppTests.swift; sourceTree = "<group>"; };
		C37672A3239402C300EB7A0B /* Info.plist */ = {isa = PBXFileReference; lastKnownFileType = text.plist.xml; path = Info.plist; sourceTree = "<group>"; };
		C37672A8239402C300EB7A0B /* Bunq Demo AppUITests.xctest */ = {isa = PBXFileReference; explicitFileType = wrapper.cfbundle; includeInIndex = 0; path = "Bunq Demo AppUITests.xctest"; sourceTree = BUILT_PRODUCTS_DIR; };
		C37672AC239402C300EB7A0B /* Bunq_Demo_AppUITests.swift */ = {isa = PBXFileReference; lastKnownFileType = sourcecode.swift; path = Bunq_Demo_AppUITests.swift; sourceTree = "<group>"; };
		C37672AE239402C400EB7A0B /* Info.plist */ = {isa = PBXFileReference; lastKnownFileType = text.plist.xml; path = Info.plist; sourceTree = "<group>"; };
		C37672BA2394042600EB7A0B /* ServiceConstants.swift */ = {isa = PBXFileReference; fileEncoding = 4; lastKnownFileType = sourcecode.swift; path = ServiceConstants.swift; sourceTree = "<group>"; };
		C37672BB2394042600EB7A0B /* ServiceCaller.swift */ = {isa = PBXFileReference; fileEncoding = 4; lastKnownFileType = sourcecode.swift; path = ServiceCaller.swift; sourceTree = "<group>"; };
		C37672BC2394042600EB7A0B /* ResponseModel.swift */ = {isa = PBXFileReference; fileEncoding = 4; lastKnownFileType = sourcecode.swift; path = ResponseModel.swift; sourceTree = "<group>"; };
		C37672BD2394042600EB7A0B /* ServiceErrorHandler.swift */ = {isa = PBXFileReference; fileEncoding = 4; lastKnownFileType = sourcecode.swift; path = ServiceErrorHandler.swift; sourceTree = "<group>"; };
		C37672BE2394042600EB7A0B /* ServiceRouter.swift */ = {isa = PBXFileReference; fileEncoding = 4; lastKnownFileType = sourcecode.swift; path = ServiceRouter.swift; sourceTree = "<group>"; };
		C37672BF2394042600EB7A0B /* ServiceConfiguration.swift */ = {isa = PBXFileReference; fileEncoding = 4; lastKnownFileType = sourcecode.swift; path = ServiceConfiguration.swift; sourceTree = "<group>"; };
		C37672C02394042700EB7A0B /* ServiceManager.swift */ = {isa = PBXFileReference; fileEncoding = 4; lastKnownFileType = sourcecode.swift; path = ServiceManager.swift; sourceTree = "<group>"; };
		C37672CA2394065B00EB7A0B /* SandBoxUserModel.swift */ = {isa = PBXFileReference; lastKnownFileType = sourcecode.swift; path = SandBoxUserModel.swift; sourceTree = "<group>"; };
		C37672CC23942EF900EB7A0B /* SandboxService.swift */ = {isa = PBXFileReference; lastKnownFileType = sourcecode.swift; path = SandboxService.swift; sourceTree = "<group>"; };
		C37A014E23DD981F007361AA /* SplashViewModel.swift */ = {isa = PBXFileReference; lastKnownFileType = sourcecode.swift; path = SplashViewModel.swift; sourceTree = "<group>"; };
		C37A015023DDA17B007361AA /* UserModel.swift */ = {isa = PBXFileReference; lastKnownFileType = sourcecode.swift; path = UserModel.swift; sourceTree = "<group>"; };
		C38F805D23D48529003DCE59 /* JSON+Extension.swift */ = {isa = PBXFileReference; lastKnownFileType = sourcecode.swift; path = "JSON+Extension.swift"; sourceTree = "<group>"; };
		C3A3B71C23DC887C00E36798 /* signature.js */ = {isa = PBXFileReference; fileEncoding = 4; lastKnownFileType = sourcecode.javascript; path = signature.js; sourceTree = "<group>"; };
		C3A3B71E23DCC91600E36798 /* KeyPairs.swift */ = {isa = PBXFileReference; lastKnownFileType = sourcecode.swift; path = KeyPairs.swift; sourceTree = "<group>"; };
		C3B67C45241CEECA00F5C21E /* SwCrypt.swift */ = {isa = PBXFileReference; fileEncoding = 4; lastKnownFileType = sourcecode.swift; path = SwCrypt.swift; sourceTree = "<group>"; };
		C3B8F6D9240C07850092FCB1 /* Colors.swift */ = {isa = PBXFileReference; lastKnownFileType = sourcecode.swift; path = Colors.swift; sourceTree = "<group>"; };
		C3B8F6DB240C14A30092FCB1 /* MainViewController.swift */ = {isa = PBXFileReference; lastKnownFileType = sourcecode.swift; path = MainViewController.swift; sourceTree = "<group>"; };
		C3B8F6DF240C37520092FCB1 /* LinearProgressView.swift */ = {isa = PBXFileReference; lastKnownFileType = sourcecode.swift; path = LinearProgressView.swift; sourceTree = "<group>"; };
		C3CA01DB23C0DD5D009F4AD9 /* rsakeygenerator.js */ = {isa = PBXFileReference; fileEncoding = 4; lastKnownFileType = sourcecode.javascript; path = rsakeygenerator.js; sourceTree = "<group>"; };
		C3D85E5623C218C500E003D9 /* InstallationModel.swift */ = {isa = PBXFileReference; lastKnownFileType = sourcecode.swift; path = InstallationModel.swift; sourceTree = "<group>"; };
		C3FFEB3B23D302A300BF8B72 /* BunqErrorModel.swift */ = {isa = PBXFileReference; lastKnownFileType = sourcecode.swift; path = BunqErrorModel.swift; sourceTree = "<group>"; };
		C3FFEB3D23D3060C00BF8B72 /* DeviceServerModel.swift */ = {isa = PBXFileReference; lastKnownFileType = sourcecode.swift; path = DeviceServerModel.swift; sourceTree = "<group>"; };
		C3FFEB3F23D3062A00BF8B72 /* JSCommunicationHandler.swift */ = {isa = PBXFileReference; lastKnownFileType = sourcecode.swift; path = JSCommunicationHandler.swift; sourceTree = "<group>"; };
		C8DD469D5F668786A1C33B6A /* Pods_Bunq_Demo_App_Bunq_Demo_AppUITests.framework */ = {isa = PBXFileReference; explicitFileType = wrapper.framework; includeInIndex = 0; path = Pods_Bunq_Demo_App_Bunq_Demo_AppUITests.framework; sourceTree = BUILT_PRODUCTS_DIR; };
		CA92A5448B214B524318CB45 /* Pods-Bunq Demo App-Bunq Demo AppUITests.debug.xcconfig */ = {isa = PBXFileReference; includeInIndex = 1; lastKnownFileType = text.xcconfig; name = "Pods-Bunq Demo App-Bunq Demo AppUITests.debug.xcconfig"; path = "Target Support Files/Pods-Bunq Demo App-Bunq Demo AppUITests/Pods-Bunq Demo App-Bunq Demo AppUITests.debug.xcconfig"; sourceTree = "<group>"; };
/* End PBXFileReference section */

/* Begin PBXFrameworksBuildPhase section */
		C3767284239402C000EB7A0B /* Frameworks */ = {
			isa = PBXFrameworksBuildPhase;
			buildActionMask = 2147483647;
			files = (
				06E6BD139F6CAE7DB7FEE8D8 /* Pods_Bunq_Demo_App.framework in Frameworks */,
			);
			runOnlyForDeploymentPostprocessing = 0;
		};
		C376729A239402C300EB7A0B /* Frameworks */ = {
			isa = PBXFrameworksBuildPhase;
			buildActionMask = 2147483647;
			files = (
				5659BC4EB6F4504730C2F34A /* Pods_Bunq_Demo_AppTests.framework in Frameworks */,
			);
			runOnlyForDeploymentPostprocessing = 0;
		};
		C37672A5239402C300EB7A0B /* Frameworks */ = {
			isa = PBXFrameworksBuildPhase;
			buildActionMask = 2147483647;
			files = (
				B1C9740CDDE8725906D68C6B /* Pods_Bunq_Demo_App_Bunq_Demo_AppUITests.framework in Frameworks */,
			);
			runOnlyForDeploymentPostprocessing = 0;
		};
/* End PBXFrameworksBuildPhase section */

/* Begin PBXGroup section */
		6FFE44D76B719E96476B8108 /* Frameworks */ = {
			isa = PBXGroup;
			children = (
				7C1E7226C8C225A277CFB08C /* Pods_Bunq_Demo_App.framework */,
				C8DD469D5F668786A1C33B6A /* Pods_Bunq_Demo_App_Bunq_Demo_AppUITests.framework */,
				3E081942AEE67E7C49FF3EFD /* Pods_Bunq_Demo_AppTests.framework */,
			);
			name = Frameworks;
			sourceTree = "<group>";
		};
		B4FD0B5A49F2FA15DB384B4A /* Pods */ = {
			isa = PBXGroup;
			children = (
				086D2FE683265BD79463BC39 /* Pods-Bunq Demo App.debug.xcconfig */,
				6F53E02A10A3059BDCD2A923 /* Pods-Bunq Demo App.release.xcconfig */,
				CA92A5448B214B524318CB45 /* Pods-Bunq Demo App-Bunq Demo AppUITests.debug.xcconfig */,
				186BB0EB1588FAC5AE6632E9 /* Pods-Bunq Demo App-Bunq Demo AppUITests.release.xcconfig */,
				428F8C393ABE0D4607862DC0 /* Pods-Bunq Demo AppTests.debug.xcconfig */,
				87BE8529FEB6A9E4D1D8CABA /* Pods-Bunq Demo AppTests.release.xcconfig */,
			);
			path = Pods;
			sourceTree = "<group>";
		};
		C33FDF582413C6E800C65C3F /* Views */ = {
			isa = PBXGroup;
			children = (
				C33FDF542413BC9900C65C3F /* ProfileView.xib */,
				C33FDF562413BCD400C65C3F /* ProfileView.swift */,
				C357F52A241CC89A00CE740C /* BunqView.swift */,
			);
			path = Views;
			sourceTree = "<group>";
		};
		C376727E239402C000EB7A0B = {
			isa = PBXGroup;
			children = (
				C3767289239402C000EB7A0B /* Bunq Demo App */,
				C37672A0239402C300EB7A0B /* Bunq Demo AppTests */,
				C37672AB239402C300EB7A0B /* Bunq Demo AppUITests */,
				C3767288239402C000EB7A0B /* Products */,
				B4FD0B5A49F2FA15DB384B4A /* Pods */,
				6FFE44D76B719E96476B8108 /* Frameworks */,
			);
			sourceTree = "<group>";
		};
		C3767288239402C000EB7A0B /* Products */ = {
			isa = PBXGroup;
			children = (
				C3767287239402C000EB7A0B /* Bunq Demo App.app */,
				C376729D239402C300EB7A0B /* Bunq Demo AppTests.xctest */,
				C37672A8239402C300EB7A0B /* Bunq Demo AppUITests.xctest */,
			);
			name = Products;
			sourceTree = "<group>";
		};
		C3767289239402C000EB7A0B /* Bunq Demo App */ = {
			isa = PBXGroup;
			children = (
				C376728A239402C000EB7A0B /* AppDelegate.swift */,
				C3FFEB4223D3064600BF8B72 /* Controllers */,
				C33FDF582413C6E800C65C3F /* Views */,
				C3FFEB4123D3062F00BF8B72 /* Helpers */,
				C37672C82394042C00EB7A0B /* Network */,
				C3FFEB4323D306AA00BF8B72 /* Resources */,
			);
			path = "Bunq Demo App";
			sourceTree = "<group>";
		};
		C37672A0239402C300EB7A0B /* Bunq Demo AppTests */ = {
			isa = PBXGroup;
			children = (
				C37672A1239402C300EB7A0B /* Bunq_Demo_AppTests.swift */,
				C37672A3239402C300EB7A0B /* Info.plist */,
			);
			path = "Bunq Demo AppTests";
			sourceTree = "<group>";
		};
		C37672AB239402C300EB7A0B /* Bunq Demo AppUITests */ = {
			isa = PBXGroup;
			children = (
				C37672AC239402C300EB7A0B /* Bunq_Demo_AppUITests.swift */,
				C37672AE239402C400EB7A0B /* Info.plist */,
			);
			path = "Bunq Demo AppUITests";
			sourceTree = "<group>";
		};
		C37672C82394042C00EB7A0B /* Network */ = {
			isa = PBXGroup;
			children = (
				C3FFEB4423D306E400BF8B72 /* Models */,
				C37672C92394046400EB7A0B /* NetworkLayer */,
				C3CA01DA23C0CDF8009F4AD9 /* Services */,
			);
			path = Network;
			sourceTree = "<group>";
		};
		C37672C92394046400EB7A0B /* NetworkLayer */ = {
			isa = PBXGroup;
			children = (
				C37672BC2394042600EB7A0B /* ResponseModel.swift */,
				C37672BB2394042600EB7A0B /* ServiceCaller.swift */,
				C37672BF2394042600EB7A0B /* ServiceConfiguration.swift */,
				C37672BA2394042600EB7A0B /* ServiceConstants.swift */,
				C37672BD2394042600EB7A0B /* ServiceErrorHandler.swift */,
				C37672C02394042700EB7A0B /* ServiceManager.swift */,
				C37672BE2394042600EB7A0B /* ServiceRouter.swift */,
			);
			path = NetworkLayer;
			sourceTree = "<group>";
		};
		C3CA01DA23C0CDF8009F4AD9 /* Services */ = {
			isa = PBXGroup;
			children = (
				C37672CC23942EF900EB7A0B /* SandboxService.swift */,
				C33FDF5F2413EAE200C65C3F /* ListMoneyAccounts.swift */,
			);
			path = Services;
			sourceTree = "<group>";
		};
		C3FFEB4123D3062F00BF8B72 /* Helpers */ = {
			isa = PBXGroup;
			children = (
				C3FFEB3F23D3062A00BF8B72 /* JSCommunicationHandler.swift */,
				C3B67C45241CEECA00F5C21E /* SwCrypt.swift */,
				C38F805D23D48529003DCE59 /* JSON+Extension.swift */,
				C3B8F6D9240C07850092FCB1 /* Colors.swift */,
				C3B8F6DF240C37520092FCB1 /* LinearProgressView.swift */,
			);
			path = Helpers;
			sourceTree = "<group>";
		};
		C3FFEB4223D3064600BF8B72 /* Controllers */ = {
			isa = PBXGroup;
			children = (
				C376728E239402C000EB7A0B /* SplashViewController.swift */,
				C37A014E23DD981F007361AA /* SplashViewModel.swift */,
				C3B8F6DB240C14A30092FCB1 /* MainViewController.swift */,
				C33FDF592413C6FD00C65C3F /* MainViewModel.swift */,
			);
			path = Controllers;
			sourceTree = "<group>";
		};
		C3FFEB4323D306AA00BF8B72 /* Resources */ = {
			isa = PBXGroup;
			children = (
				C3767293239402C300EB7A0B /* Assets.xcassets */,
				C3767295239402C300EB7A0B /* LaunchScreen.storyboard */,
				C3767298239402C300EB7A0B /* Info.plist */,
				C3A3B71C23DC887C00E36798 /* signature.js */,
				C3CA01DB23C0DD5D009F4AD9 /* rsakeygenerator.js */,
			);
			path = Resources;
			sourceTree = "<group>";
		};
		C3FFEB4423D306E400BF8B72 /* Models */ = {
			isa = PBXGroup;
			children = (
				C37672CA2394065B00EB7A0B /* SandBoxUserModel.swift */,
				C3D85E5623C218C500E003D9 /* InstallationModel.swift */,
				C3FFEB3D23D3060C00BF8B72 /* DeviceServerModel.swift */,
				C3FFEB3B23D302A300BF8B72 /* BunqErrorModel.swift */,
				C3A3B71E23DCC91600E36798 /* KeyPairs.swift */,
				C37A015023DDA17B007361AA /* UserModel.swift */,
				C33FDF5B2413D09500C65C3F /* MonetaryAccountBankModel.swift */,
				C33FDF5D2413E89500C65C3F /* Response.swift */,
			);
			path = Models;
			sourceTree = "<group>";
		};
/* End PBXGroup section */

/* Begin PBXNativeTarget section */
		C3767286239402C000EB7A0B /* Bunq Demo App */ = {
			isa = PBXNativeTarget;
			buildConfigurationList = C37672B1239402C400EB7A0B /* Build configuration list for PBXNativeTarget "Bunq Demo App" */;
			buildPhases = (
				AF6DD071C91E86A106A4FC0C /* [CP] Check Pods Manifest.lock */,
				C3767283239402C000EB7A0B /* Sources */,
				C3767284239402C000EB7A0B /* Frameworks */,
				C3767285239402C000EB7A0B /* Resources */,
				55632648A0002AFDA56965D0 /* [CP] Embed Pods Frameworks */,
			);
			buildRules = (
			);
			dependencies = (
			);
			name = "Bunq Demo App";
			productName = "Bunq Demo App";
			productReference = C3767287239402C000EB7A0B /* Bunq Demo App.app */;
			productType = "com.apple.product-type.application";
		};
		C376729C239402C300EB7A0B /* Bunq Demo AppTests */ = {
			isa = PBXNativeTarget;
			buildConfigurationList = C37672B4239402C400EB7A0B /* Build configuration list for PBXNativeTarget "Bunq Demo AppTests" */;
			buildPhases = (
				9CBF189BD9A0D35C08F57EB7 /* [CP] Check Pods Manifest.lock */,
				C3767299239402C300EB7A0B /* Sources */,
				C376729A239402C300EB7A0B /* Frameworks */,
				C376729B239402C300EB7A0B /* Resources */,
			);
			buildRules = (
			);
			dependencies = (
				C376729F239402C300EB7A0B /* PBXTargetDependency */,
			);
			name = "Bunq Demo AppTests";
			productName = "Bunq Demo AppTests";
			productReference = C376729D239402C300EB7A0B /* Bunq Demo AppTests.xctest */;
			productType = "com.apple.product-type.bundle.unit-test";
		};
		C37672A7239402C300EB7A0B /* Bunq Demo AppUITests */ = {
			isa = PBXNativeTarget;
			buildConfigurationList = C37672B7239402C400EB7A0B /* Build configuration list for PBXNativeTarget "Bunq Demo AppUITests" */;
			buildPhases = (
				85CACA1D9C48D6D600E6CD7C /* [CP] Check Pods Manifest.lock */,
				C37672A4239402C300EB7A0B /* Sources */,
				C37672A5239402C300EB7A0B /* Frameworks */,
				C37672A6239402C300EB7A0B /* Resources */,
				93BD0DD4D4D8EABEDF4D9906 /* [CP] Embed Pods Frameworks */,
			);
			buildRules = (
			);
			dependencies = (
				C37672AA239402C300EB7A0B /* PBXTargetDependency */,
			);
			name = "Bunq Demo AppUITests";
			productName = "Bunq Demo AppUITests";
			productReference = C37672A8239402C300EB7A0B /* Bunq Demo AppUITests.xctest */;
			productType = "com.apple.product-type.bundle.ui-testing";
		};
/* End PBXNativeTarget section */

/* Begin PBXProject section */
		C376727F239402C000EB7A0B /* Project object */ = {
			isa = PBXProject;
			attributes = {
				LastSwiftUpdateCheck = 1100;
				LastUpgradeCheck = 1100;
				ORGANIZATIONNAME = Emre;
				TargetAttributes = {
					C3767286239402C000EB7A0B = {
						CreatedOnToolsVersion = 11.0;
					};
					C376729C239402C300EB7A0B = {
						CreatedOnToolsVersion = 11.0;
						TestTargetID = C3767286239402C000EB7A0B;
					};
					C37672A7239402C300EB7A0B = {
						CreatedOnToolsVersion = 11.0;
						TestTargetID = C3767286239402C000EB7A0B;
					};
				};
			};
			buildConfigurationList = C3767282239402C000EB7A0B /* Build configuration list for PBXProject "Bunq Demo App" */;
			compatibilityVersion = "Xcode 9.3";
			developmentRegion = en;
			hasScannedForEncodings = 0;
			knownRegions = (
				en,
				Base,
			);
			mainGroup = C376727E239402C000EB7A0B;
			productRefGroup = C3767288239402C000EB7A0B /* Products */;
			projectDirPath = "";
			projectRoot = "";
			targets = (
				C3767286239402C000EB7A0B /* Bunq Demo App */,
				C376729C239402C300EB7A0B /* Bunq Demo AppTests */,
				C37672A7239402C300EB7A0B /* Bunq Demo AppUITests */,
			);
		};
/* End PBXProject section */

/* Begin PBXResourcesBuildPhase section */
		C3767285239402C000EB7A0B /* Resources */ = {
			isa = PBXResourcesBuildPhase;
			buildActionMask = 2147483647;
			files = (
				C3767297239402C300EB7A0B /* LaunchScreen.storyboard in Resources */,
				C33FDF552413BC9900C65C3F /* ProfileView.xib in Resources */,
				C3A3B71D23DC887C00E36798 /* signature.js in Resources */,
				C3767294239402C300EB7A0B /* Assets.xcassets in Resources */,
				C3CA01DC23C0DD5D009F4AD9 /* rsakeygenerator.js in Resources */,
			);
			runOnlyForDeploymentPostprocessing = 0;
		};
		C376729B239402C300EB7A0B /* Resources */ = {
			isa = PBXResourcesBuildPhase;
			buildActionMask = 2147483647;
			files = (
			);
			runOnlyForDeploymentPostprocessing = 0;
		};
		C37672A6239402C300EB7A0B /* Resources */ = {
			isa = PBXResourcesBuildPhase;
			buildActionMask = 2147483647;
			files = (
			);
			runOnlyForDeploymentPostprocessing = 0;
		};
/* End PBXResourcesBuildPhase section */

/* Begin PBXShellScriptBuildPhase section */
		55632648A0002AFDA56965D0 /* [CP] Embed Pods Frameworks */ = {
			isa = PBXShellScriptBuildPhase;
			buildActionMask = 2147483647;
			files = (
			);
			inputFileListPaths = (
				"${PODS_ROOT}/Target Support Files/Pods-Bunq Demo App/Pods-Bunq Demo App-frameworks-${CONFIGURATION}-input-files.xcfilelist",
			);
			name = "[CP] Embed Pods Frameworks";
			outputFileListPaths = (
				"${PODS_ROOT}/Target Support Files/Pods-Bunq Demo App/Pods-Bunq Demo App-frameworks-${CONFIGURATION}-output-files.xcfilelist",
			);
			runOnlyForDeploymentPostprocessing = 0;
			shellPath = /bin/sh;
			shellScript = "\"${PODS_ROOT}/Target Support Files/Pods-Bunq Demo App/Pods-Bunq Demo App-frameworks.sh\"\n";
			showEnvVarsInLog = 0;
		};
		85CACA1D9C48D6D600E6CD7C /* [CP] Check Pods Manifest.lock */ = {
			isa = PBXShellScriptBuildPhase;
			buildActionMask = 2147483647;
			files = (
			);
			inputFileListPaths = (
			);
			inputPaths = (
				"${PODS_PODFILE_DIR_PATH}/Podfile.lock",
				"${PODS_ROOT}/Manifest.lock",
			);
			name = "[CP] Check Pods Manifest.lock";
			outputFileListPaths = (
			);
			outputPaths = (
				"$(DERIVED_FILE_DIR)/Pods-Bunq Demo App-Bunq Demo AppUITests-checkManifestLockResult.txt",
			);
			runOnlyForDeploymentPostprocessing = 0;
			shellPath = /bin/sh;
			shellScript = "diff \"${PODS_PODFILE_DIR_PATH}/Podfile.lock\" \"${PODS_ROOT}/Manifest.lock\" > /dev/null\nif [ $? != 0 ] ; then\n    # print error to STDERR\n    echo \"error: The sandbox is not in sync with the Podfile.lock. Run 'pod install' or update your CocoaPods installation.\" >&2\n    exit 1\nfi\n# This output is used by Xcode 'outputs' to avoid re-running this script phase.\necho \"SUCCESS\" > \"${SCRIPT_OUTPUT_FILE_0}\"\n";
			showEnvVarsInLog = 0;
		};
		93BD0DD4D4D8EABEDF4D9906 /* [CP] Embed Pods Frameworks */ = {
			isa = PBXShellScriptBuildPhase;
			buildActionMask = 2147483647;
			files = (
			);
			inputFileListPaths = (
				"${PODS_ROOT}/Target Support Files/Pods-Bunq Demo App-Bunq Demo AppUITests/Pods-Bunq Demo App-Bunq Demo AppUITests-frameworks-${CONFIGURATION}-input-files.xcfilelist",
			);
			name = "[CP] Embed Pods Frameworks";
			outputFileListPaths = (
				"${PODS_ROOT}/Target Support Files/Pods-Bunq Demo App-Bunq Demo AppUITests/Pods-Bunq Demo App-Bunq Demo AppUITests-frameworks-${CONFIGURATION}-output-files.xcfilelist",
			);
			runOnlyForDeploymentPostprocessing = 0;
			shellPath = /bin/sh;
			shellScript = "\"${PODS_ROOT}/Target Support Files/Pods-Bunq Demo App-Bunq Demo AppUITests/Pods-Bunq Demo App-Bunq Demo AppUITests-frameworks.sh\"\n";
			showEnvVarsInLog = 0;
		};
		9CBF189BD9A0D35C08F57EB7 /* [CP] Check Pods Manifest.lock */ = {
			isa = PBXShellScriptBuildPhase;
			buildActionMask = 2147483647;
			files = (
			);
			inputFileListPaths = (
			);
			inputPaths = (
				"${PODS_PODFILE_DIR_PATH}/Podfile.lock",
				"${PODS_ROOT}/Manifest.lock",
			);
			name = "[CP] Check Pods Manifest.lock";
			outputFileListPaths = (
			);
			outputPaths = (
				"$(DERIVED_FILE_DIR)/Pods-Bunq Demo AppTests-checkManifestLockResult.txt",
			);
			runOnlyForDeploymentPostprocessing = 0;
			shellPath = /bin/sh;
			shellScript = "diff \"${PODS_PODFILE_DIR_PATH}/Podfile.lock\" \"${PODS_ROOT}/Manifest.lock\" > /dev/null\nif [ $? != 0 ] ; then\n    # print error to STDERR\n    echo \"error: The sandbox is not in sync with the Podfile.lock. Run 'pod install' or update your CocoaPods installation.\" >&2\n    exit 1\nfi\n# This output is used by Xcode 'outputs' to avoid re-running this script phase.\necho \"SUCCESS\" > \"${SCRIPT_OUTPUT_FILE_0}\"\n";
			showEnvVarsInLog = 0;
		};
		AF6DD071C91E86A106A4FC0C /* [CP] Check Pods Manifest.lock */ = {
			isa = PBXShellScriptBuildPhase;
			buildActionMask = 2147483647;
			files = (
			);
			inputFileListPaths = (
			);
			inputPaths = (
				"${PODS_PODFILE_DIR_PATH}/Podfile.lock",
				"${PODS_ROOT}/Manifest.lock",
			);
			name = "[CP] Check Pods Manifest.lock";
			outputFileListPaths = (
			);
			outputPaths = (
				"$(DERIVED_FILE_DIR)/Pods-Bunq Demo App-checkManifestLockResult.txt",
			);
			runOnlyForDeploymentPostprocessing = 0;
			shellPath = /bin/sh;
			shellScript = "diff \"${PODS_PODFILE_DIR_PATH}/Podfile.lock\" \"${PODS_ROOT}/Manifest.lock\" > /dev/null\nif [ $? != 0 ] ; then\n    # print error to STDERR\n    echo \"error: The sandbox is not in sync with the Podfile.lock. Run 'pod install' or update your CocoaPods installation.\" >&2\n    exit 1\nfi\n# This output is used by Xcode 'outputs' to avoid re-running this script phase.\necho \"SUCCESS\" > \"${SCRIPT_OUTPUT_FILE_0}\"\n";
			showEnvVarsInLog = 0;
		};
/* End PBXShellScriptBuildPhase section */

/* Begin PBXSourcesBuildPhase section */
		C3767283239402C000EB7A0B /* Sources */ = {
			isa = PBXSourcesBuildPhase;
			buildActionMask = 2147483647;
			files = (
				C3B8F6DC240C14A30092FCB1 /* MainViewController.swift in Sources */,
				C3FFEB3C23D302A300BF8B72 /* BunqErrorModel.swift in Sources */,
				C3B8F6DA240C07850092FCB1 /* Colors.swift in Sources */,
				C38F805E23D48529003DCE59 /* JSON+Extension.swift in Sources */,
				C37672C12394042700EB7A0B /* ServiceConstants.swift in Sources */,
				C37A014F23DD981F007361AA /* SplashViewModel.swift in Sources */,
				C357F52B241CC89A00CE740C /* BunqView.swift in Sources */,
				C33FDF5C2413D09500C65C3F /* MonetaryAccountBankModel.swift in Sources */,
				C376728F239402C000EB7A0B /* SplashViewController.swift in Sources */,
				C33FDF602413EAE200C65C3F /* ListMoneyAccounts.swift in Sources */,
				C37672CD23942EFA00EB7A0B /* SandboxService.swift in Sources */,
				C37672C52394042700EB7A0B /* ServiceRouter.swift in Sources */,
				C3B67C46241CEECA00F5C21E /* SwCrypt.swift in Sources */,
				C37672CB2394065B00EB7A0B /* SandBoxUserModel.swift in Sources */,
				C37672C22394042700EB7A0B /* ServiceCaller.swift in Sources */,
				C37672C32394042700EB7A0B /* ResponseModel.swift in Sources */,
				C37672C72394042700EB7A0B /* ServiceManager.swift in Sources */,
				C376728B239402C000EB7A0B /* AppDelegate.swift in Sources */,
				C3D85E5723C218C500E003D9 /* InstallationModel.swift in Sources */,
				C37672C62394042700EB7A0B /* ServiceConfiguration.swift in Sources */,
				C3FFEB4023D3062A00BF8B72 /* JSCommunicationHandler.swift in Sources */,
				C33FDF572413BCD400C65C3F /* ProfileView.swift in Sources */,
				C37A015123DDA17B007361AA /* UserModel.swift in Sources */,
				C3FFEB3E23D3060C00BF8B72 /* DeviceServerModel.swift in Sources */,
				C3A3B71F23DCC91600E36798 /* KeyPairs.swift in Sources */,
				C33FDF5E2413E89500C65C3F /* Response.swift in Sources */,
				C3B8F6E0240C37520092FCB1 /* LinearProgressView.swift in Sources */,
				C37672C42394042700EB7A0B /* ServiceErrorHandler.swift in Sources */,
				C33FDF5A2413C6FD00C65C3F /* MainViewModel.swift in Sources */,
			);
			runOnlyForDeploymentPostprocessing = 0;
		};
		C3767299239402C300EB7A0B /* Sources */ = {
			isa = PBXSourcesBuildPhase;
			buildActionMask = 2147483647;
			files = (
				C37672A2239402C300EB7A0B /* Bunq_Demo_AppTests.swift in Sources */,
			);
			runOnlyForDeploymentPostprocessing = 0;
		};
		C37672A4239402C300EB7A0B /* Sources */ = {
			isa = PBXSourcesBuildPhase;
			buildActionMask = 2147483647;
			files = (
				C37672AD239402C400EB7A0B /* Bunq_Demo_AppUITests.swift in Sources */,
			);
			runOnlyForDeploymentPostprocessing = 0;
		};
/* End PBXSourcesBuildPhase section */

/* Begin PBXTargetDependency section */
		C376729F239402C300EB7A0B /* PBXTargetDependency */ = {
			isa = PBXTargetDependency;
			target = C3767286239402C000EB7A0B /* Bunq Demo App */;
			targetProxy = C376729E239402C300EB7A0B /* PBXContainerItemProxy */;
		};
		C37672AA239402C300EB7A0B /* PBXTargetDependency */ = {
			isa = PBXTargetDependency;
			target = C3767286239402C000EB7A0B /* Bunq Demo App */;
			targetProxy = C37672A9239402C300EB7A0B /* PBXContainerItemProxy */;
		};
/* End PBXTargetDependency section */

/* Begin PBXVariantGroup section */
		C3767295239402C300EB7A0B /* LaunchScreen.storyboard */ = {
			isa = PBXVariantGroup;
			children = (
				C3767296239402C300EB7A0B /* Base */,
			);
			name = LaunchScreen.storyboard;
			sourceTree = "<group>";
		};
/* End PBXVariantGroup section */

/* Begin XCBuildConfiguration section */
		C37672AF239402C400EB7A0B /* Debug */ = {
			isa = XCBuildConfiguration;
			buildSettings = {
				ALWAYS_SEARCH_USER_PATHS = NO;
				CLANG_ANALYZER_NONNULL = YES;
				CLANG_ANALYZER_NUMBER_OBJECT_CONVERSION = YES_AGGRESSIVE;
				CLANG_CXX_LANGUAGE_STANDARD = "gnu++14";
				CLANG_CXX_LIBRARY = "libc++";
				CLANG_ENABLE_MODULES = YES;
				CLANG_ENABLE_OBJC_ARC = YES;
				CLANG_ENABLE_OBJC_WEAK = YES;
				CLANG_WARN_BLOCK_CAPTURE_AUTORELEASING = YES;
				CLANG_WARN_BOOL_CONVERSION = YES;
				CLANG_WARN_COMMA = YES;
				CLANG_WARN_CONSTANT_CONVERSION = YES;
				CLANG_WARN_DEPRECATED_OBJC_IMPLEMENTATIONS = YES;
				CLANG_WARN_DIRECT_OBJC_ISA_USAGE = YES_ERROR;
				CLANG_WARN_DOCUMENTATION_COMMENTS = YES;
				CLANG_WARN_EMPTY_BODY = YES;
				CLANG_WARN_ENUM_CONVERSION = YES;
				CLANG_WARN_INFINITE_RECURSION = YES;
				CLANG_WARN_INT_CONVERSION = YES;
				CLANG_WARN_NON_LITERAL_NULL_CONVERSION = YES;
				CLANG_WARN_OBJC_IMPLICIT_RETAIN_SELF = YES;
				CLANG_WARN_OBJC_LITERAL_CONVERSION = YES;
				CLANG_WARN_OBJC_ROOT_CLASS = YES_ERROR;
				CLANG_WARN_RANGE_LOOP_ANALYSIS = YES;
				CLANG_WARN_STRICT_PROTOTYPES = YES;
				CLANG_WARN_SUSPICIOUS_MOVE = YES;
				CLANG_WARN_UNGUARDED_AVAILABILITY = YES_AGGRESSIVE;
				CLANG_WARN_UNREACHABLE_CODE = YES;
				CLANG_WARN__DUPLICATE_METHOD_MATCH = YES;
				COPY_PHASE_STRIP = NO;
				DEBUG_INFORMATION_FORMAT = dwarf;
				ENABLE_STRICT_OBJC_MSGSEND = YES;
				ENABLE_TESTABILITY = YES;
				GCC_C_LANGUAGE_STANDARD = gnu11;
				GCC_DYNAMIC_NO_PIC = NO;
				GCC_NO_COMMON_BLOCKS = YES;
				GCC_OPTIMIZATION_LEVEL = 0;
				GCC_PREPROCESSOR_DEFINITIONS = (
					"DEBUG=1",
					"$(inherited)",
				);
				GCC_WARN_64_TO_32_BIT_CONVERSION = YES;
				GCC_WARN_ABOUT_RETURN_TYPE = YES_ERROR;
				GCC_WARN_UNDECLARED_SELECTOR = YES;
				GCC_WARN_UNINITIALIZED_AUTOS = YES_AGGRESSIVE;
				GCC_WARN_UNUSED_FUNCTION = YES;
				GCC_WARN_UNUSED_VARIABLE = YES;
				IPHONEOS_DEPLOYMENT_TARGET = 11.0;
				MTL_ENABLE_DEBUG_INFO = INCLUDE_SOURCE;
				MTL_FAST_MATH = YES;
				ONLY_ACTIVE_ARCH = YES;
				SDKROOT = iphoneos;
				SWIFT_ACTIVE_COMPILATION_CONDITIONS = DEBUG;
				SWIFT_OPTIMIZATION_LEVEL = "-Onone";
			};
			name = Debug;
		};
		C37672B0239402C400EB7A0B /* Release */ = {
			isa = XCBuildConfiguration;
			buildSettings = {
				ALWAYS_SEARCH_USER_PATHS = NO;
				CLANG_ANALYZER_NONNULL = YES;
				CLANG_ANALYZER_NUMBER_OBJECT_CONVERSION = YES_AGGRESSIVE;
				CLANG_CXX_LANGUAGE_STANDARD = "gnu++14";
				CLANG_CXX_LIBRARY = "libc++";
				CLANG_ENABLE_MODULES = YES;
				CLANG_ENABLE_OBJC_ARC = YES;
				CLANG_ENABLE_OBJC_WEAK = YES;
				CLANG_WARN_BLOCK_CAPTURE_AUTORELEASING = YES;
				CLANG_WARN_BOOL_CONVERSION = YES;
				CLANG_WARN_COMMA = YES;
				CLANG_WARN_CONSTANT_CONVERSION = YES;
				CLANG_WARN_DEPRECATED_OBJC_IMPLEMENTATIONS = YES;
				CLANG_WARN_DIRECT_OBJC_ISA_USAGE = YES_ERROR;
				CLANG_WARN_DOCUMENTATION_COMMENTS = YES;
				CLANG_WARN_EMPTY_BODY = YES;
				CLANG_WARN_ENUM_CONVERSION = YES;
				CLANG_WARN_INFINITE_RECURSION = YES;
				CLANG_WARN_INT_CONVERSION = YES;
				CLANG_WARN_NON_LITERAL_NULL_CONVERSION = YES;
				CLANG_WARN_OBJC_IMPLICIT_RETAIN_SELF = YES;
				CLANG_WARN_OBJC_LITERAL_CONVERSION = YES;
				CLANG_WARN_OBJC_ROOT_CLASS = YES_ERROR;
				CLANG_WARN_RANGE_LOOP_ANALYSIS = YES;
				CLANG_WARN_STRICT_PROTOTYPES = YES;
				CLANG_WARN_SUSPICIOUS_MOVE = YES;
				CLANG_WARN_UNGUARDED_AVAILABILITY = YES_AGGRESSIVE;
				CLANG_WARN_UNREACHABLE_CODE = YES;
				CLANG_WARN__DUPLICATE_METHOD_MATCH = YES;
				COPY_PHASE_STRIP = NO;
				DEBUG_INFORMATION_FORMAT = "dwarf-with-dsym";
				ENABLE_NS_ASSERTIONS = NO;
				ENABLE_STRICT_OBJC_MSGSEND = YES;
				GCC_C_LANGUAGE_STANDARD = gnu11;
				GCC_NO_COMMON_BLOCKS = YES;
				GCC_WARN_64_TO_32_BIT_CONVERSION = YES;
				GCC_WARN_ABOUT_RETURN_TYPE = YES_ERROR;
				GCC_WARN_UNDECLARED_SELECTOR = YES;
				GCC_WARN_UNINITIALIZED_AUTOS = YES_AGGRESSIVE;
				GCC_WARN_UNUSED_FUNCTION = YES;
				GCC_WARN_UNUSED_VARIABLE = YES;
				IPHONEOS_DEPLOYMENT_TARGET = 11.0;
				MTL_ENABLE_DEBUG_INFO = NO;
				MTL_FAST_MATH = YES;
				SDKROOT = iphoneos;
				SWIFT_COMPILATION_MODE = wholemodule;
				SWIFT_OPTIMIZATION_LEVEL = "-O";
				VALIDATE_PRODUCT = YES;
			};
			name = Release;
		};
		C37672B2239402C400EB7A0B /* Debug */ = {
			isa = XCBuildConfiguration;
			baseConfigurationReference = 086D2FE683265BD79463BC39 /* Pods-Bunq Demo App.debug.xcconfig */;
			buildSettings = {
				ASSETCATALOG_COMPILER_APPICON_NAME = AppIcon;
				CODE_SIGN_STYLE = Automatic;
				DEVELOPMENT_TEAM = DAQJUYBRTY;
				INFOPLIST_FILE = "Bunq Demo App/Resources/Info.plist";
				IPHONEOS_DEPLOYMENT_TARGET = 11.0;
				LD_RUNPATH_SEARCH_PATHS = (
					"$(inherited)",
					"@executable_path/Frameworks",
				);
				PRODUCT_BUNDLE_IDENTIFIER = "com.emreonder.Bunq-Demo-App";
				PRODUCT_NAME = "$(TARGET_NAME)";
				SWIFT_VERSION = 5.0;
				TARGETED_DEVICE_FAMILY = 1;
			};
			name = Debug;
		};
		C37672B3239402C400EB7A0B /* Release */ = {
			isa = XCBuildConfiguration;
			baseConfigurationReference = 6F53E02A10A3059BDCD2A923 /* Pods-Bunq Demo App.release.xcconfig */;
			buildSettings = {
				ASSETCATALOG_COMPILER_APPICON_NAME = AppIcon;
				CODE_SIGN_STYLE = Automatic;
				DEVELOPMENT_TEAM = DAQJUYBRTY;
				INFOPLIST_FILE = "Bunq Demo App/Resources/Info.plist";
				IPHONEOS_DEPLOYMENT_TARGET = 11.0;
				LD_RUNPATH_SEARCH_PATHS = (
					"$(inherited)",
					"@executable_path/Frameworks",
				);
				PRODUCT_BUNDLE_IDENTIFIER = "com.emreonder.Bunq-Demo-App";
				PRODUCT_NAME = "$(TARGET_NAME)";
				SWIFT_VERSION = 5.0;
				TARGETED_DEVICE_FAMILY = 1;
			};
			name = Release;
		};
		C37672B5239402C400EB7A0B /* Debug */ = {
			isa = XCBuildConfiguration;
			baseConfigurationReference = 428F8C393ABE0D4607862DC0 /* Pods-Bunq Demo AppTests.debug.xcconfig */;
			buildSettings = {
				ALWAYS_EMBED_SWIFT_STANDARD_LIBRARIES = YES;
				BUNDLE_LOADER = "$(TEST_HOST)";
				CODE_SIGN_STYLE = Automatic;
				DEVELOPMENT_TEAM = DAQJUYBRTY;
				INFOPLIST_FILE = "Bunq Demo AppTests/Info.plist";
				IPHONEOS_DEPLOYMENT_TARGET = 13.0;
				LD_RUNPATH_SEARCH_PATHS = (
					"$(inherited)",
					"@executable_path/Frameworks",
					"@loader_path/Frameworks",
				);
				PRODUCT_BUNDLE_IDENTIFIER = "com.emreonder.Bunq-Demo-AppTests";
				PRODUCT_NAME = "$(TARGET_NAME)";
				SWIFT_VERSION = 5.0;
				TARGETED_DEVICE_FAMILY = "1,2";
				TEST_HOST = "$(BUILT_PRODUCTS_DIR)/Bunq Demo App.app/Bunq Demo App";
			};
			name = Debug;
		};
		C37672B6239402C400EB7A0B /* Release */ = {
			isa = XCBuildConfiguration;
			baseConfigurationReference = 87BE8529FEB6A9E4D1D8CABA /* Pods-Bunq Demo AppTests.release.xcconfig */;
			buildSettings = {
				ALWAYS_EMBED_SWIFT_STANDARD_LIBRARIES = YES;
				BUNDLE_LOADER = "$(TEST_HOST)";
				CODE_SIGN_STYLE = Automatic;
				DEVELOPMENT_TEAM = DAQJUYBRTY;
				INFOPLIST_FILE = "Bunq Demo AppTests/Info.plist";
				IPHONEOS_DEPLOYMENT_TARGET = 13.0;
				LD_RUNPATH_SEARCH_PATHS = (
					"$(inherited)",
					"@executable_path/Frameworks",
					"@loader_path/Frameworks",
				);
				PRODUCT_BUNDLE_IDENTIFIER = "com.emreonder.Bunq-Demo-AppTests";
				PRODUCT_NAME = "$(TARGET_NAME)";
				SWIFT_VERSION = 5.0;
				TARGETED_DEVICE_FAMILY = "1,2";
				TEST_HOST = "$(BUILT_PRODUCTS_DIR)/Bunq Demo App.app/Bunq Demo App";
			};
			name = Release;
		};
		C37672B8239402C400EB7A0B /* Debug */ = {
			isa = XCBuildConfiguration;
			baseConfigurationReference = CA92A5448B214B524318CB45 /* Pods-Bunq Demo App-Bunq Demo AppUITests.debug.xcconfig */;
			buildSettings = {
				ALWAYS_EMBED_SWIFT_STANDARD_LIBRARIES = YES;
				CODE_SIGN_STYLE = Automatic;
				DEVELOPMENT_TEAM = DAQJUYBRTY;
				INFOPLIST_FILE = "Bunq Demo AppUITests/Info.plist";
				LD_RUNPATH_SEARCH_PATHS = (
					"$(inherited)",
					"@executable_path/Frameworks",
					"@loader_path/Frameworks",
				);
				PRODUCT_BUNDLE_IDENTIFIER = "com.emreonder.Bunq-Demo-AppUITests";
				PRODUCT_NAME = "$(TARGET_NAME)";
				SWIFT_VERSION = 5.0;
				TARGETED_DEVICE_FAMILY = "1,2";
				TEST_TARGET_NAME = "Bunq Demo App";
			};
			name = Debug;
		};
		C37672B9239402C400EB7A0B /* Release */ = {
			isa = XCBuildConfiguration;
			baseConfigurationReference = 186BB0EB1588FAC5AE6632E9 /* Pods-Bunq Demo App-Bunq Demo AppUITests.release.xcconfig */;
			buildSettings = {
				ALWAYS_EMBED_SWIFT_STANDARD_LIBRARIES = YES;
				CODE_SIGN_STYLE = Automatic;
				DEVELOPMENT_TEAM = DAQJUYBRTY;
				INFOPLIST_FILE = "Bunq Demo AppUITests/Info.plist";
				LD_RUNPATH_SEARCH_PATHS = (
					"$(inherited)",
					"@executable_path/Frameworks",
					"@loader_path/Frameworks",
				);
				PRODUCT_BUNDLE_IDENTIFIER = "com.emreonder.Bunq-Demo-AppUITests";
				PRODUCT_NAME = "$(TARGET_NAME)";
				SWIFT_VERSION = 5.0;
				TARGETED_DEVICE_FAMILY = "1,2";
				TEST_TARGET_NAME = "Bunq Demo App";
			};
			name = Release;
		};
/* End XCBuildConfiguration section */

/* Begin XCConfigurationList section */
		C3767282239402C000EB7A0B /* Build configuration list for PBXProject "Bunq Demo App" */ = {
			isa = XCConfigurationList;
			buildConfigurations = (
				C37672AF239402C400EB7A0B /* Debug */,
				C37672B0239402C400EB7A0B /* Release */,
			);
			defaultConfigurationIsVisible = 0;
			defaultConfigurationName = Release;
		};
		C37672B1239402C400EB7A0B /* Build configuration list for PBXNativeTarget "Bunq Demo App" */ = {
			isa = XCConfigurationList;
			buildConfigurations = (
				C37672B2239402C400EB7A0B /* Debug */,
				C37672B3239402C400EB7A0B /* Release */,
			);
			defaultConfigurationIsVisible = 0;
			defaultConfigurationName = Release;
		};
		C37672B4239402C400EB7A0B /* Build configuration list for PBXNativeTarget "Bunq Demo AppTests" */ = {
			isa = XCConfigurationList;
			buildConfigurations = (
				C37672B5239402C400EB7A0B /* Debug */,
				C37672B6239402C400EB7A0B /* Release */,
			);
			defaultConfigurationIsVisible = 0;
			defaultConfigurationName = Release;
		};
		C37672B7239402C400EB7A0B /* Build configuration list for PBXNativeTarget "Bunq Demo AppUITests" */ = {
			isa = XCConfigurationList;
			buildConfigurations = (
				C37672B8239402C400EB7A0B /* Debug */,
				C37672B9239402C400EB7A0B /* Release */,
			);
			defaultConfigurationIsVisible = 0;
			defaultConfigurationName = Release;
		};
/* End XCConfigurationList section */
	};
	rootObject = C376727F239402C000EB7A0B /* Project object */;
}
